{
  "requires": true,
  "lockfileVersion": 1,
  "dependencies": {
    "malarkey": {
      "version": "2.0.2",
      "resolved": "https://registry.npmjs.org/malarkey/-/malarkey-2.0.2.tgz",
      "integrity": "sha512-w0pnL0ykKezQLyQwoWmFe+rACHeL+b2l6f9uEXIXF3DEmT4ogGdTaIcxJOg3z71tQcbrX7X/Y71LsslMGB/uiw=="
    }
  }
}
